<?xml version="1.0" encoding="utf-8"?>
<Project ToolsVersion="4.0" xmlns="http://schemas.microsoft.com/developer/msbuild/2003">
  <ItemGroup>
    <Filter Include="Nerthus">
      <UniqueIdentifier>{0E77E76B-7A56-6607-836E-F1DDEFCCCC68}</UniqueIdentifier>
    </Filter>
  </ItemGroup>
  <ItemGroup>
    <ClInclude Include="src\Nerthus.h" />
    <ClInclude Include="src\Nerthus\Application.h">
      <Filter>Nerthus</Filter>
    </ClInclude>
    <ClInclude Include="src\Nerthus\Core.h">
      <Filter>Nerthus</Filter>
    </ClInclude>
    <ClInclude Include="src\Nerthus\EntryPoint.h">
      <Filter>Nerthus</Filter>
    </ClInclude>
    <ClInclude Include="src\Nerthus\Log.h">
      <Filter>Nerthus</Filter>
    </ClInclude>
  </ItemGroup>
  <ItemGroup>
    <ClCompile Include="src\Nerthus\Application.cpp">
      <Filter>Nerthus</Filter>
    </ClCompile>
    <ClCompile Include="src\Nerthus\Log.cpp">
      <Filter>Nerthus</Filter>
    </ClCompile>
  </ItemGroup>
</Project>